# DO NOT EDIT MANUALLY - Managed by Fern Replay
version: "1.0"
generations:
  - commit_sha: 08aaebfda20179ccf2831d30f65f8182f2f74c08
    tree_hash: 7fcd2471bf31f5ab9b48228bb1cfa34ff8f5d27b
    timestamp: 2026-06-16T14:54:21.146Z
    cli_version: unknown
    generator_versions: {}
  - commit_sha: 35cd99d8ce4b3a7e348b322eccec390797b1d9d2
    tree_hash: 595ce9c0c589b4a2e55581fa72a619ba6b0551d2
    timestamp: 2026-07-13T17:53:47.698Z
    cli_version: unknown
    generator_versions:
      fernapi/fern-python-sdk: 4.64.1
  - commit_sha: ca6a39b4d1f47f2f893071f497458e78dea9b53a
    tree_hash: f89e67d6c3ea79ec72c0625f3bbdfea1b0893096
    timestamp: 2026-07-14T04:07:21.813Z
    cli_version: unknown
    generator_versions:
      fernapi/fern-python-sdk: 5.14.20
current_generation: ca6a39b4d1f47f2f893071f497458e78dea9b53a
patches: []
