# DO NOT EDIT MANUALLY - Managed by Fern Replay
version: "1.0"
generations:
  - commit_sha: 08aaebfda20179ccf2831d30f65f8182f2f74c08
    tree_hash: 7fcd2471bf31f5ab9b48228bb1cfa34ff8f5d27b
    timestamp: 2026-06-16T14:54:21.146Z
    cli_version: unknown
    generator_versions: {}
  - commit_sha: 35cd99d8ce4b3a7e348b322eccec390797b1d9d2
    tree_hash: 595ce9c0c589b4a2e55581fa72a619ba6b0551d2
    timestamp: 2026-07-13T17:53:47.698Z
    cli_version: unknown
    generator_versions:
      fernapi/fern-python-sdk: 4.64.1
  - commit_sha: 9e97b8776e7cbe6801ef34317379ce3d209efc97
    tree_hash: 7fdc8da45ab09537df41245f56308091cad8c7d9
    timestamp: 2026-07-13T20:49:23.249Z
    cli_version: unknown
    generator_versions:
      fernapi/fern-python-sdk: 5.14.20
current_generation: 9e97b8776e7cbe6801ef34317379ce3d209efc97
patches: []
