# DO NOT EDIT MANUALLY - Managed by Fern Replay
version: "1.0"
generations:
  - commit_sha: 08aaebfda20179ccf2831d30f65f8182f2f74c08
    tree_hash: 7fcd2471bf31f5ab9b48228bb1cfa34ff8f5d27b
    timestamp: 2026-06-16T14:54:21.146Z
    cli_version: unknown
    generator_versions: {}
current_generation: 08aaebfda20179ccf2831d30f65f8182f2f74c08
patches: []
